
Microsoft Visual Studio Solution File, Format Version 12.00
# Visual Studio Version 16
VisualStudioVersion = 16.0.29306.81
MinimumVisualStudioVersion = 10.0.40219.1
Project("{8BC9CEB8-8B4A-11D0-8D11-00A0C91BC942}") = "thebanana", "thebanana\thebanana.vcxproj", "{3FECBE35-6E24-468C-A08C-6C442A9CD08E}"
	ProjectSection(ProjectDependencies) = postProject
		{ED19DF79-068F-4F8A-9117-83038FA9522D} = {ED19DF79-068F-4F8A-9117-83038FA9522D}
		{B361CAFF-89A0-43C7-8D3F-F79565ED12CF} = {B361CAFF-89A0-43C7-8D3F-F79565ED12CF}
	EndProjectSection
EndProject
Project("{2150E333-8FDC-42A3-9474-1A3956D46DE8}") = "Solution Items", "Solution Items", "{C3642202-2494-4C8B-92A3-78F9638EE889}"
	ProjectSection(SolutionItems) = preProject
		.gitignore = .gitignore
		README.md = README.md
	EndProjectSection
EndProject
Project("{8BC9CEB8-8B4A-11D0-8D11-00A0C91BC942}") = "imgui", "imgui\imgui.vcxproj", "{B361CAFF-89A0-43C7-8D3F-F79565ED12CF}"
EndProject
Project("{8BC9CEB8-8B4A-11D0-8D11-00A0C91BC942}") = "sandbox", "sandbox\sandbox.vcxproj", "{22FF39A1-5239-404E-AC77-B5AC0A6B0FEC}"
	ProjectSection(ProjectDependencies) = postProject
		{3FECBE35-6E24-468C-A08C-6C442A9CD08E} = {3FECBE35-6E24-468C-A08C-6C442A9CD08E}
		{B361CAFF-89A0-43C7-8D3F-F79565ED12CF} = {B361CAFF-89A0-43C7-8D3F-F79565ED12CF}
	EndProjectSection
EndProject
Project("{8BC9CEB8-8B4A-11D0-8D11-00A0C91BC942}") = "yaml", "yaml\yaml.vcxproj", "{ED19DF79-068F-4F8A-9117-83038FA9522D}"
EndProject
Project("{8BC9CEB8-8B4A-11D0-8D11-00A0C91BC942}") = "bananatree", "bananatree\bananatree.vcxproj", "{F2F9A9E7-8488-415A-BF56-9A7EF37E4664}"
	ProjectSection(ProjectDependencies) = postProject
		{3FECBE35-6E24-468C-A08C-6C442A9CD08E} = {3FECBE35-6E24-468C-A08C-6C442A9CD08E}
	EndProjectSection
EndProject
Global
	GlobalSection(SolutionConfigurationPlatforms) = preSolution
		Debug|x64 = Debug|x64
		Release|x64 = Release|x64
	EndGlobalSection
	GlobalSection(ProjectConfigurationPlatforms) = postSolution
		{3FECBE35-6E24-468C-A08C-6C442A9CD08E}.Debug|x64.ActiveCfg = Debug|x64
		{3FECBE35-6E24-468C-A08C-6C442A9CD08E}.Debug|x64.Build.0 = Debug|x64
		{3FECBE35-6E24-468C-A08C-6C442A9CD08E}.Release|x64.ActiveCfg = Release|x64
		{3FECBE35-6E24-468C-A08C-6C442A9CD08E}.Release|x64.Build.0 = Release|x64
		{B361CAFF-89A0-43C7-8D3F-F79565ED12CF}.Debug|x64.ActiveCfg = Debug|x64
		{B361CAFF-89A0-43C7-8D3F-F79565ED12CF}.Debug|x64.Build.0 = Debug|x64
		{B361CAFF-89A0-43C7-8D3F-F79565ED12CF}.Release|x64.ActiveCfg = Release|x64
		{B361CAFF-89A0-43C7-8D3F-F79565ED12CF}.Release|x64.Build.0 = Release|x64
		{22FF39A1-5239-404E-AC77-B5AC0A6B0FEC}.Debug|x64.ActiveCfg = Debug|x64
		{22FF39A1-5239-404E-AC77-B5AC0A6B0FEC}.Debug|x64.Build.0 = Debug|x64
		{22FF39A1-5239-404E-AC77-B5AC0A6B0FEC}.Release|x64.ActiveCfg = Release|x64
		{22FF39A1-5239-404E-AC77-B5AC0A6B0FEC}.Release|x64.Build.0 = Release|x64
		{ED19DF79-068F-4F8A-9117-83038FA9522D}.Debug|x64.ActiveCfg = Debug|x64
		{ED19DF79-068F-4F8A-9117-83038FA9522D}.Debug|x64.Build.0 = Debug|x64
		{ED19DF79-068F-4F8A-9117-83038FA9522D}.Release|x64.ActiveCfg = Release|x64
		{ED19DF79-068F-4F8A-9117-83038FA9522D}.Release|x64.Build.0 = Release|x64
		{F2F9A9E7-8488-415A-BF56-9A7EF37E4664}.Debug|x64.ActiveCfg = Debug|x64
		{F2F9A9E7-8488-415A-BF56-9A7EF37E4664}.Debug|x64.Build.0 = Debug|x64
		{F2F9A9E7-8488-415A-BF56-9A7EF37E4664}.Release|x64.ActiveCfg = Release|x64
		{F2F9A9E7-8488-415A-BF56-9A7EF37E4664}.Release|x64.Build.0 = Release|x64
	EndGlobalSection
	GlobalSection(SolutionProperties) = preSolution
		HideSolutionNode = FALSE
	EndGlobalSection
	GlobalSection(ExtensibilityGlobals) = postSolution
		SolutionGuid = {3E9E6E84-6FBF-46F3-91A7-27BE42433F2F}
	EndGlobalSection
EndGlobal
