<?xml version="1.0" encoding="utf-8"?>
<Project ToolsVersion="4.0" xmlns="http://schemas.microsoft.com/developer/msbuild/2003">
  <ItemGroup>
    <Filter Include="panels">
      <UniqueIdentifier>{C8213A14-B4C3-64EA-9D7E-783E89BFEB3A}</UniqueIdentifier>
    </Filter>
  </ItemGroup>
  <ItemGroup>
    <ClInclude Include="src\editor_layer.h" />
    <ClInclude Include="src\editorconfig.h" />
    <ClInclude Include="src\imgui_layer.h" />
    <ClInclude Include="src\panels\lighting_panel.h">
      <Filter>panels</Filter>
    </ClInclude>
    <ClInclude Include="src\panels\log_panel.h">
      <Filter>panels</Filter>
    </ClInclude>
    <ClInclude Include="src\panels\material_editor_panel.h">
      <Filter>panels</Filter>
    </ClInclude>
    <ClInclude Include="src\panels\model_registry_panel.h">
      <Filter>panels</Filter>
    </ClInclude>
    <ClInclude Include="src\panels\panel.h">
      <Filter>panels</Filter>
    </ClInclude>
    <ClInclude Include="src\panels\project_editor_panel.h">
      <Filter>panels</Filter>
    </ClInclude>
    <ClInclude Include="src\panels\property_editor_panel.h">
      <Filter>panels</Filter>
    </ClInclude>
    <ClInclude Include="src\panels\scene_hierarchy_panel.h">
      <Filter>panels</Filter>
    </ClInclude>
    <ClInclude Include="src\panels\script_registry_panel.h">
      <Filter>panels</Filter>
    </ClInclude>
    <ClInclude Include="src\panels\texture_viewer_panel.h">
      <Filter>panels</Filter>
    </ClInclude>
    <ClInclude Include="src\panels\viewport_panel.h">
      <Filter>panels</Filter>
    </ClInclude>
    <ClInclude Include="src\project.h" />
    <ClInclude Include="src\util.h" />
  </ItemGroup>
  <ItemGroup>
    <ClCompile Include="src\editor_layer.cpp" />
    <ClCompile Include="src\editorconfig.cpp" />
    <ClCompile Include="src\imgui_layer.cpp" />
    <ClCompile Include="src\main.cpp" />
    <ClCompile Include="src\panels\lighting_panel.cpp">
      <Filter>panels</Filter>
    </ClCompile>
    <ClCompile Include="src\panels\log_panel.cpp">
      <Filter>panels</Filter>
    </ClCompile>
    <ClCompile Include="src\panels\material_editor_panel.cpp">
      <Filter>panels</Filter>
    </ClCompile>
    <ClCompile Include="src\panels\model_registry_panel.cpp">
      <Filter>panels</Filter>
    </ClCompile>
    <ClCompile Include="src\panels\panel.cpp">
      <Filter>panels</Filter>
    </ClCompile>
    <ClCompile Include="src\panels\project_editor_panel.cpp">
      <Filter>panels</Filter>
    </ClCompile>
    <ClCompile Include="src\panels\property_editor_panel.cpp">
      <Filter>panels</Filter>
    </ClCompile>
    <ClCompile Include="src\panels\scene_hierarchy_panel.cpp">
      <Filter>panels</Filter>
    </ClCompile>
    <ClCompile Include="src\panels\script_registry_panel.cpp">
      <Filter>panels</Filter>
    </ClCompile>
    <ClCompile Include="src\panels\texture_viewer_panel.cpp">
      <Filter>panels</Filter>
    </ClCompile>
    <ClCompile Include="src\panels\viewport_panel.cpp">
      <Filter>panels</Filter>
    </ClCompile>
    <ClCompile Include="src\project.cpp" />
    <ClCompile Include="src\util.cpp" />
  </ItemGroup>
</Project>