<?xml version="1.0" encoding="utf-8"?>
<Project ToolsVersion="4.0" xmlns="http://schemas.microsoft.com/developer/msbuild/2003">
  <ItemGroup>
    <Filter Include="include">
      <UniqueIdentifier>{89AF369E-F58E-B539-FEA6-40106A051C9B}</UniqueIdentifier>
    </Filter>
    <Filter Include="include\components">
      <UniqueIdentifier>{1E5107FE-0A35-C853-7395-C2A65F98B2D5}</UniqueIdentifier>
    </Filter>
    <Filter Include="include\graphics">
      <UniqueIdentifier>{099E0101-F596-2053-1EC9-05D80A21005F}</UniqueIdentifier>
    </Filter>
    <Filter Include="include\particlesystem">
      <UniqueIdentifier>{91A26BC0-7D9C-9412-6609-2B2352A2FA7E}</UniqueIdentifier>
    </Filter>
    <Filter Include="include\physics">
      <UniqueIdentifier>{1BC405E5-874F-73A9-9060-F69DFC6ACFA9}</UniqueIdentifier>
    </Filter>
    <Filter Include="src">
      <UniqueIdentifier>{2DAB880B-99B4-887C-2230-9F7C8E38947C}</UniqueIdentifier>
    </Filter>
    <Filter Include="src\components">
      <UniqueIdentifier>{423E2ECF-2E0C-22D5-17A0-92FB030DFE39}</UniqueIdentifier>
    </Filter>
    <Filter Include="src\graphics">
      <UniqueIdentifier>{2DF282EC-1955-1291-C2DA-4A47AE1CDE13}</UniqueIdentifier>
    </Filter>
    <Filter Include="src\graphics\opengl">
      <UniqueIdentifier>{21DF1276-8D40-F083-16AE-3636820E2743}</UniqueIdentifier>
    </Filter>
    <Filter Include="src\particlesystem">
      <UniqueIdentifier>{B581CC77-A165-8DCD-0AC6-8720F6C8774F}</UniqueIdentifier>
    </Filter>
    <Filter Include="src\physics">
      <UniqueIdentifier>{BF23DBB5-2BD9-53AB-B4CD-4D8220824AAF}</UniqueIdentifier>
    </Filter>
  </ItemGroup>
  <ItemGroup>
    <ClInclude Include="include\application_layer.h">
      <Filter>include</Filter>
    </ClInclude>
    <ClInclude Include="include\banana_api.h">
      <Filter>include</Filter>
    </ClInclude>
    <ClInclude Include="include\basic_gameobject.h">
      <Filter>include</Filter>
    </ClInclude>
    <ClInclude Include="include\component.h">
      <Filter>include</Filter>
    </ClInclude>
    <ClInclude Include="include\components\animation_component.h">
      <Filter>include\components</Filter>
    </ClInclude>
    <ClInclude Include="include\components\camera_component.h">
      <Filter>include\components</Filter>
    </ClInclude>
    <ClInclude Include="include\components\components.h">
      <Filter>include\components</Filter>
    </ClInclude>
    <ClInclude Include="include\components\light_component.h">
      <Filter>include\components</Filter>
    </ClInclude>
    <ClInclude Include="include\components\mesh_component.h">
      <Filter>include\components</Filter>
    </ClInclude>
    <ClInclude Include="include\components\native_script_component.h">
      <Filter>include\components</Filter>
    </ClInclude>
    <ClInclude Include="include\components\tag_component.h">
      <Filter>include\components</Filter>
    </ClInclude>
    <ClInclude Include="include\controller.h">
      <Filter>include</Filter>
    </ClInclude>
    <ClInclude Include="include\debug_tools.h">
      <Filter>include</Filter>
    </ClInclude>
    <ClInclude Include="include\game.h">
      <Filter>include</Filter>
    </ClInclude>
    <ClInclude Include="include\gameobject.h">
      <Filter>include</Filter>
    </ClInclude>
    <ClInclude Include="include\graphics\framebuffer.h">
      <Filter>include\graphics</Filter>
    </ClInclude>
    <ClInclude Include="include\graphics\graphics.h">
      <Filter>include\graphics</Filter>
    </ClInclude>
    <ClInclude Include="include\graphics\graphics_types.h">
      <Filter>include\graphics</Filter>
    </ClInclude>
    <ClInclude Include="include\graphics\index_buffer.h">
      <Filter>include\graphics</Filter>
    </ClInclude>
    <ClInclude Include="include\graphics\mesh.h">
      <Filter>include\graphics</Filter>
    </ClInclude>
    <ClInclude Include="include\graphics\quad.h">
      <Filter>include\graphics</Filter>
    </ClInclude>
    <ClInclude Include="include\graphics\texture.h">
      <Filter>include\graphics</Filter>
    </ClInclude>
    <ClInclude Include="include\graphics\util.h">
      <Filter>include\graphics</Filter>
    </ClInclude>
    <ClInclude Include="include\graphics\vertex_array_object.h">
      <Filter>include\graphics</Filter>
    </ClInclude>
    <ClInclude Include="include\graphics\vertex_buffer.h">
      <Filter>include\graphics</Filter>
    </ClInclude>
    <ClInclude Include="include\includelist.h">
      <Filter>include</Filter>
    </ClInclude>
    <ClInclude Include="include\input_manager.h">
      <Filter>include</Filter>
    </ClInclude>
    <ClInclude Include="include\input_utils.h">
      <Filter>include</Filter>
    </ClInclude>
    <ClInclude Include="include\keyboard.h">
      <Filter>include</Filter>
    </ClInclude>
    <ClInclude Include="include\keys.h">
      <Filter>include</Filter>
    </ClInclude>
    <ClInclude Include="include\main_module.h">
      <Filter>include</Filter>
    </ClInclude>
    <ClInclude Include="include\material.h">
      <Filter>include</Filter>
    </ClInclude>
    <ClInclude Include="include\model.h">
      <Filter>include</Filter>
    </ClInclude>
    <ClInclude Include="include\model_registry.h">
      <Filter>include</Filter>
    </ClInclude>
    <ClInclude Include="include\mouse.h">
      <Filter>include</Filter>
    </ClInclude>
    <ClInclude Include="include\particlesystem\particle_component.h">
      <Filter>include\particlesystem</Filter>
    </ClInclude>
    <ClInclude Include="include\particlesystem\particlesystem.h">
      <Filter>include\particlesystem</Filter>
    </ClInclude>
    <ClInclude Include="include\particlesystem\particlesystem_component.h">
      <Filter>include\particlesystem</Filter>
    </ClInclude>
    <ClInclude Include="include\physics\collider.h">
      <Filter>include\physics</Filter>
    </ClInclude>
    <ClInclude Include="include\physics\physics.h">
      <Filter>include\physics</Filter>
    </ClInclude>
    <ClInclude Include="include\physics\rigidbody.h">
      <Filter>include\physics</Filter>
    </ClInclude>
    <ClInclude Include="include\scene.h">
      <Filter>include</Filter>
    </ClInclude>
    <ClInclude Include="include\scene_serializer.h">
      <Filter>include</Filter>
    </ClInclude>
    <ClInclude Include="include\script_module.h">
      <Filter>include</Filter>
    </ClInclude>
    <ClInclude Include="include\script_registry.h">
      <Filter>include</Filter>
    </ClInclude>
    <ClInclude Include="include\shader_registry.h">
      <Filter>include</Filter>
    </ClInclude>
    <ClInclude Include="include\static_mesh.h">
      <Filter>include</Filter>
    </ClInclude>
    <ClInclude Include="include\thebanana.h">
      <Filter>include</Filter>
    </ClInclude>
    <ClInclude Include="include\transform.h">
      <Filter>include</Filter>
    </ClInclude>
    <ClInclude Include="include\util.h">
      <Filter>include</Filter>
    </ClInclude>
    <ClInclude Include="src\graphics\opengl\opengl_ebo.h">
      <Filter>src\graphics\opengl</Filter>
    </ClInclude>
    <ClInclude Include="src\graphics\opengl\opengl_framebuffer.h">
      <Filter>src\graphics\opengl</Filter>
    </ClInclude>
    <ClInclude Include="src\graphics\opengl\opengl_quad.h">
      <Filter>src\graphics\opengl</Filter>
    </ClInclude>
    <ClInclude Include="src\graphics\opengl\opengl_texture.h">
      <Filter>src\graphics\opengl</Filter>
    </ClInclude>
    <ClInclude Include="src\graphics\opengl\opengl_vao.h">
      <Filter>src\graphics\opengl</Filter>
    </ClInclude>
    <ClInclude Include="src\graphics\opengl\opengl_vbo.h">
      <Filter>src\graphics\opengl</Filter>
    </ClInclude>
    <ClInclude Include="src\internal_only_includelist.h">
      <Filter>src</Filter>
    </ClInclude>
    <ClInclude Include="src\internal_util.h">
      <Filter>src</Filter>
    </ClInclude>
    <ClInclude Include="src\pch.h">
      <Filter>src</Filter>
    </ClInclude>
  </ItemGroup>
  <ItemGroup>
    <ClCompile Include="src\application_layer.cpp">
      <Filter>src</Filter>
    </ClCompile>
    <ClCompile Include="src\basic_gameobject.cpp">
      <Filter>src</Filter>
    </ClCompile>
    <ClCompile Include="src\component.cpp">
      <Filter>src</Filter>
    </ClCompile>
    <ClCompile Include="src\components\animation_component.cpp">
      <Filter>src\components</Filter>
    </ClCompile>
    <ClCompile Include="src\components\camera_component.cpp">
      <Filter>src\components</Filter>
    </ClCompile>
    <ClCompile Include="src\components\light_component.cpp">
      <Filter>src\components</Filter>
    </ClCompile>
    <ClCompile Include="src\components\mesh_component.cpp">
      <Filter>src\components</Filter>
    </ClCompile>
    <ClCompile Include="src\components\native_script_component.cpp">
      <Filter>src\components</Filter>
    </ClCompile>
    <ClCompile Include="src\components\tag_component.cpp">
      <Filter>src\components</Filter>
    </ClCompile>
    <ClCompile Include="src\controller.cpp">
      <Filter>src</Filter>
    </ClCompile>
    <ClCompile Include="src\debug_tools.cpp">
      <Filter>src</Filter>
    </ClCompile>
    <ClCompile Include="src\game.cpp">
      <Filter>src</Filter>
    </ClCompile>
    <ClCompile Include="src\gameobject.cpp">
      <Filter>src</Filter>
    </ClCompile>
    <ClCompile Include="src\graphics\framebuffer.cpp">
      <Filter>src\graphics</Filter>
    </ClCompile>
    <ClCompile Include="src\graphics\graphics_types.cpp">
      <Filter>src\graphics</Filter>
    </ClCompile>
    <ClCompile Include="src\graphics\index_buffer.cpp">
      <Filter>src\graphics</Filter>
    </ClCompile>
    <ClCompile Include="src\graphics\mesh.cpp">
      <Filter>src\graphics</Filter>
    </ClCompile>
    <ClCompile Include="src\graphics\opengl\opengl_ebo.cpp">
      <Filter>src\graphics\opengl</Filter>
    </ClCompile>
    <ClCompile Include="src\graphics\opengl\opengl_framebuffer.cpp">
      <Filter>src\graphics\opengl</Filter>
    </ClCompile>
    <ClCompile Include="src\graphics\opengl\opengl_quad.cpp">
      <Filter>src\graphics\opengl</Filter>
    </ClCompile>
    <ClCompile Include="src\graphics\opengl\opengl_texture.cpp">
      <Filter>src\graphics\opengl</Filter>
    </ClCompile>
    <ClCompile Include="src\graphics\opengl\opengl_vao.cpp">
      <Filter>src\graphics\opengl</Filter>
    </ClCompile>
    <ClCompile Include="src\graphics\opengl\opengl_vbo.cpp">
      <Filter>src\graphics\opengl</Filter>
    </ClCompile>
    <ClCompile Include="src\graphics\quad.cpp">
      <Filter>src\graphics</Filter>
    </ClCompile>
    <ClCompile Include="src\graphics\texture.cpp">
      <Filter>src\graphics</Filter>
    </ClCompile>
    <ClCompile Include="src\graphics\util.cpp">
      <Filter>src\graphics</Filter>
    </ClCompile>
    <ClCompile Include="src\graphics\vertex_array_object.cpp">
      <Filter>src\graphics</Filter>
    </ClCompile>
    <ClCompile Include="src\graphics\vertex_buffer.cpp">
      <Filter>src\graphics</Filter>
    </ClCompile>
    <ClCompile Include="src\input_manager.cpp">
      <Filter>src</Filter>
    </ClCompile>
    <ClCompile Include="src\internal_util.cpp">
      <Filter>src</Filter>
    </ClCompile>
    <ClCompile Include="src\keyboard.cpp">
      <Filter>src</Filter>
    </ClCompile>
    <ClCompile Include="src\material.cpp">
      <Filter>src</Filter>
    </ClCompile>
    <ClCompile Include="src\model.cpp">
      <Filter>src</Filter>
    </ClCompile>
    <ClCompile Include="src\model_registry.cpp">
      <Filter>src</Filter>
    </ClCompile>
    <ClCompile Include="src\mouse.cpp">
      <Filter>src</Filter>
    </ClCompile>
    <ClCompile Include="src\particlesystem\particle_component.cpp">
      <Filter>src\particlesystem</Filter>
    </ClCompile>
    <ClCompile Include="src\particlesystem\particlesystem_component.cpp">
      <Filter>src\particlesystem</Filter>
    </ClCompile>
    <ClCompile Include="src\pch.cpp">
      <Filter>src</Filter>
    </ClCompile>
    <ClCompile Include="src\physics\collider.cpp">
      <Filter>src\physics</Filter>
    </ClCompile>
    <ClCompile Include="src\physics\rigidbody.cpp">
      <Filter>src\physics</Filter>
    </ClCompile>
    <ClCompile Include="src\scene.cpp">
      <Filter>src</Filter>
    </ClCompile>
    <ClCompile Include="src\scene_serializer.cpp">
      <Filter>src</Filter>
    </ClCompile>
    <ClCompile Include="src\script_module.cpp">
      <Filter>src</Filter>
    </ClCompile>
    <ClCompile Include="src\shader_registry.cpp">
      <Filter>src</Filter>
    </ClCompile>
    <ClCompile Include="src\static_mesh.cpp">
      <Filter>src</Filter>
    </ClCompile>
    <ClCompile Include="src\transform.cpp">
      <Filter>src</Filter>
    </ClCompile>
  </ItemGroup>
</Project>